// !$*UTF8*$!
{
	archiveVersion = 1;
	classes = {
	};
	objectVersion = 50;
	objects = {

/* Begin PBXBuildFile section */
		98203888242A522D0056519C /* 7-2 10.png in Resources */ = {isa = PBXBuildFile; fileRef = 98203887242A522D0056519C /* 7-2 10.png */; };
		9820388A242A54960056519C /* walk.png in Resources */ = {isa = PBXBuildFile; fileRef = 98203889242A54960056519C /* walk.png */; };
		9820388C242A54A00056519C /* profile.png in Resources */ = {isa = PBXBuildFile; fileRef = 9820388B242A54A00056519C /* profile.png */; };
		984895A72429169A00B69378 /* 7-2 9.png in Resources */ = {isa = PBXBuildFile; fileRef = 984895A62429169A00B69378 /* 7-2 9.png */; };
		984D17A4242928B0005CE011 /* cell-four.swift in Sources */ = {isa = PBXBuildFile; fileRef = 984D17A3242928B0005CE011 /* cell-four.swift */; };
		984D17A624292F0D005CE011 /* img.png in Resources */ = {isa = PBXBuildFile; fileRef = 984D17A524292F0C005CE011 /* img.png */; };
		984D17AE242935AB005CE011 /* ViewController2.swift in Sources */ = {isa = PBXBuildFile; fileRef = 984D17AD242935AB005CE011 /* ViewController2.swift */; };
		984D17B0242937DD005CE011 /* CollectionViewCell2-one.swift in Sources */ = {isa = PBXBuildFile; fileRef = 984D17AF242937DD005CE011 /* CollectionViewCell2-one.swift */; };
		98716CA6241A210800AB41BB /* AppDelegate.swift in Sources */ = {isa = PBXBuildFile; fileRef = 98716CA5241A210800AB41BB /* AppDelegate.swift */; };
		98716CA8241A210800AB41BB /* SceneDelegate.swift in Sources */ = {isa = PBXBuildFile; fileRef = 98716CA7241A210800AB41BB /* SceneDelegate.swift */; };
		98716CAA241A210800AB41BB /* ViewController.swift in Sources */ = {isa = PBXBuildFile; fileRef = 98716CA9241A210800AB41BB /* ViewController.swift */; };
		98716CAD241A210800AB41BB /* Main.storyboard in Resources */ = {isa = PBXBuildFile; fileRef = 98716CAB241A210800AB41BB /* Main.storyboard */; };
		98716CAF241A210A00AB41BB /* Assets.xcassets in Resources */ = {isa = PBXBuildFile; fileRef = 98716CAE241A210A00AB41BB /* Assets.xcassets */; };
		98716CB2241A210A00AB41BB /* LaunchScreen.storyboard in Resources */ = {isa = PBXBuildFile; fileRef = 98716CB0241A210A00AB41BB /* LaunchScreen.storyboard */; };
		98716CBA241A21D100AB41BB /* CollectionViewCell-one.swift in Sources */ = {isa = PBXBuildFile; fileRef = 98716CB9241A21D100AB41BB /* CollectionViewCell-one.swift */; };
		98716CC0241A307A00AB41BB /* Q_MainPhotoCard.png in Resources */ = {isa = PBXBuildFile; fileRef = 98716CBF241A307A00AB41BB /* Q_MainPhotoCard.png */; };
		98716CC2241A308000AB41BB /* 7-2 5.png in Resources */ = {isa = PBXBuildFile; fileRef = 98716CC1241A308000AB41BB /* 7-2 5.png */; };
		98716CC4241A36F000AB41BB /* CollectionViewCell-two.swift in Sources */ = {isa = PBXBuildFile; fileRef = 98716CC3241A36F000AB41BB /* CollectionViewCell-two.swift */; };
		98716CC6241A3F2600AB41BB /* data.swift in Sources */ = {isa = PBXBuildFile; fileRef = 98716CC5241A3F2600AB41BB /* data.swift */; };
		98716CC8241A539400AB41BB /* 7-2 7.png in Resources */ = {isa = PBXBuildFile; fileRef = 98716CC7241A539400AB41BB /* 7-2 7.png */; };
		98716CCA241A539900AB41BB /* 7-2 8.png in Resources */ = {isa = PBXBuildFile; fileRef = 98716CC9241A539900AB41BB /* 7-2 8.png */; };
		98716CCC241A539F00AB41BB /* 7-2 6.png in Resources */ = {isa = PBXBuildFile; fileRef = 98716CCB241A539F00AB41BB /* 7-2 6.png */; };
		98716CCE241A723700AB41BB /* CollectionViewCell-thre.swift in Sources */ = {isa = PBXBuildFile; fileRef = 98716CCD241A723700AB41BB /* CollectionViewCell-thre.swift */; };
		9892A7DC243E202400015C93 /* LoginView.swift in Sources */ = {isa = PBXBuildFile; fileRef = 9892A7DB243E202400015C93 /* LoginView.swift */; };
/* End PBXBuildFile section */

/* Begin PBXFileReference section */
		98203887242A522D0056519C /* 7-2 10.png */ = {isa = PBXFileReference; lastKnownFileType = image.png; path = "7-2 10.png"; sourceTree = "<group>"; };
		98203889242A54960056519C /* walk.png */ = {isa = PBXFileReference; lastKnownFileType = image.png; path = walk.png; sourceTree = "<group>"; };
		9820388B242A54A00056519C /* profile.png */ = {isa = PBXFileReference; lastKnownFileType = image.png; path = profile.png; sourceTree = "<group>"; };
		984895A62429169A00B69378 /* 7-2 9.png */ = {isa = PBXFileReference; lastKnownFileType = image.png; path = "7-2 9.png"; sourceTree = "<group>"; };
		984D17A3242928B0005CE011 /* cell-four.swift */ = {isa = PBXFileReference; lastKnownFileType = sourcecode.swift; path = "cell-four.swift"; sourceTree = "<group>"; };
		984D17A524292F0C005CE011 /* img.png */ = {isa = PBXFileReference; lastKnownFileType = image.png; path = img.png; sourceTree = "<group>"; };
		984D17AD242935AB005CE011 /* ViewController2.swift */ = {isa = PBXFileReference; lastKnownFileType = sourcecode.swift; path = ViewController2.swift; sourceTree = "<group>"; };
		984D17AF242937DD005CE011 /* CollectionViewCell2-one.swift */ = {isa = PBXFileReference; lastKnownFileType = sourcecode.swift; path = "CollectionViewCell2-one.swift"; sourceTree = "<group>"; };
		98716CA2241A210800AB41BB /* Jay.app */ = {isa = PBXFileReference; explicitFileType = wrapper.application; includeInIndex = 0; path = Jay.app; sourceTree = BUILT_PRODUCTS_DIR; };
		98716CA5241A210800AB41BB /* AppDelegate.swift */ = {isa = PBXFileReference; lastKnownFileType = sourcecode.swift; path = AppDelegate.swift; sourceTree = "<group>"; };
		98716CA7241A210800AB41BB /* SceneDelegate.swift */ = {isa = PBXFileReference; lastKnownFileType = sourcecode.swift; path = SceneDelegate.swift; sourceTree = "<group>"; };
		98716CA9241A210800AB41BB /* ViewController.swift */ = {isa = PBXFileReference; lastKnownFileType = sourcecode.swift; path = ViewController.swift; sourceTree = "<group>"; };
		98716CAC241A210800AB41BB /* Base */ = {isa = PBXFileReference; lastKnownFileType = file.storyboard; name = Base; path = Base.lproj/Main.storyboard; sourceTree = "<group>"; };
		98716CAE241A210A00AB41BB /* Assets.xcassets */ = {isa = PBXFileReference; lastKnownFileType = folder.assetcatalog; path = Assets.xcassets; sourceTree = "<group>"; };
		98716CB1241A210A00AB41BB /* Base */ = {isa = PBXFileReference; lastKnownFileType = file.storyboard; name = Base; path = Base.lproj/LaunchScreen.storyboard; sourceTree = "<group>"; };
		98716CB3241A210A00AB41BB /* Info.plist */ = {isa = PBXFileReference; lastKnownFileType = text.plist.xml; path = Info.plist; sourceTree = "<group>"; };
		98716CB9241A21D100AB41BB /* CollectionViewCell-one.swift */ = {isa = PBXFileReference; lastKnownFileType = sourcecode.swift; path = "CollectionViewCell-one.swift"; sourceTree = "<group>"; };
		98716CBF241A307A00AB41BB /* Q_MainPhotoCard.png */ = {isa = PBXFileReference; lastKnownFileType = image.png; path = Q_MainPhotoCard.png; sourceTree = "<group>"; };
		98716CC1241A308000AB41BB /* 7-2 5.png */ = {isa = PBXFileReference; lastKnownFileType = image.png; path = "7-2 5.png"; sourceTree = "<group>"; };
		98716CC3241A36F000AB41BB /* CollectionViewCell-two.swift */ = {isa = PBXFileReference; lastKnownFileType = sourcecode.swift; path = "CollectionViewCell-two.swift"; sourceTree = "<group>"; };
		98716CC5241A3F2600AB41BB /* data.swift */ = {isa = PBXFileReference; lastKnownFileType = sourcecode.swift; path = data.swift; sourceTree = "<group>"; };
		98716CC7241A539400AB41BB /* 7-2 7.png */ = {isa = PBXFileReference; lastKnownFileType = image.png; path = "7-2 7.png"; sourceTree = "<group>"; };
		98716CC9241A539900AB41BB /* 7-2 8.png */ = {isa = PBXFileReference; lastKnownFileType = image.png; path = "7-2 8.png"; sourceTree = "<group>"; };
		98716CCB241A539F00AB41BB /* 7-2 6.png */ = {isa = PBXFileReference; lastKnownFileType = image.png; path = "7-2 6.png"; sourceTree = "<group>"; };
		98716CCD241A723700AB41BB /* CollectionViewCell-thre.swift */ = {isa = PBXFileReference; lastKnownFileType = sourcecode.swift; path = "CollectionViewCell-thre.swift"; sourceTree = "<group>"; };
		9892A7DB243E202400015C93 /* LoginView.swift */ = {isa = PBXFileReference; lastKnownFileType = sourcecode.swift; path = LoginView.swift; sourceTree = "<group>"; };
/* End PBXFileReference section */

/* Begin PBXFrameworksBuildPhase section */
		98716C9F241A210800AB41BB /* Frameworks */ = {
			isa = PBXFrameworksBuildPhase;
			buildActionMask = 2147483647;
			files = (
			);
			runOnlyForDeploymentPostprocessing = 0;
		};
/* End PBXFrameworksBuildPhase section */

/* Begin PBXGroup section */
		98716C99241A210800AB41BB = {
			isa = PBXGroup;
			children = (
				98716CA4241A210800AB41BB /* Jay */,
				98716CA3241A210800AB41BB /* Products */,
			);
			sourceTree = "<group>";
		};
		98716CA3241A210800AB41BB /* Products */ = {
			isa = PBXGroup;
			children = (
				98716CA2241A210800AB41BB /* Jay.app */,
			);
			name = Products;
			sourceTree = "<group>";
		};
		98716CA4241A210800AB41BB /* Jay */ = {
			isa = PBXGroup;
			children = (
				984D17AD242935AB005CE011 /* ViewController2.swift */,
				98716CA5241A210800AB41BB /* AppDelegate.swift */,
				98716CA7241A210800AB41BB /* SceneDelegate.swift */,
				98716CA9241A210800AB41BB /* ViewController.swift */,
				98716CC5241A3F2600AB41BB /* data.swift */,
				98716CAB241A210800AB41BB /* Main.storyboard */,
				9892A7DB243E202400015C93 /* LoginView.swift */,
				984D17A3242928B0005CE011 /* cell-four.swift */,
				98716CC3241A36F000AB41BB /* CollectionViewCell-two.swift */,
				98716CB9241A21D100AB41BB /* CollectionViewCell-one.swift */,
				984D17AF242937DD005CE011 /* CollectionViewCell2-one.swift */,
				98716CCD241A723700AB41BB /* CollectionViewCell-thre.swift */,
				98716CAE241A210A00AB41BB /* Assets.xcassets */,
				98716CBF241A307A00AB41BB /* Q_MainPhotoCard.png */,
				98716CC1241A308000AB41BB /* 7-2 5.png */,
				98716CC7241A539400AB41BB /* 7-2 7.png */,
				98716CC9241A539900AB41BB /* 7-2 8.png */,
				98716CCB241A539F00AB41BB /* 7-2 6.png */,
				984895A62429169A00B69378 /* 7-2 9.png */,
				98203887242A522D0056519C /* 7-2 10.png */,
				984D17A524292F0C005CE011 /* img.png */,
				98203889242A54960056519C /* walk.png */,
				9820388B242A54A00056519C /* profile.png */,
				98716CB0241A210A00AB41BB /* LaunchScreen.storyboard */,
				98716CB3241A210A00AB41BB /* Info.plist */,
			);
			path = Jay;
			sourceTree = "<group>";
		};
/* End PBXGroup section */

/* Begin PBXNativeTarget section */
		98716CA1241A210800AB41BB /* Jay */ = {
			isa = PBXNativeTarget;
			buildConfigurationList = 98716CB6241A210A00AB41BB /* Build configuration list for PBXNativeTarget "Jay" */;
			buildPhases = (
				98716C9E241A210800AB41BB /* Sources */,
				98716C9F241A210800AB41BB /* Frameworks */,
				98716CA0241A210800AB41BB /* Resources */,
			);
			buildRules = (
			);
			dependencies = (
			);
			name = Jay;
			productName = Jay;
			productReference = 98716CA2241A210800AB41BB /* Jay.app */;
			productType = "com.apple.product-type.application";
		};
/* End PBXNativeTarget section */

/* Begin PBXProject section */
		98716C9A241A210800AB41BB /* Project object */ = {
			isa = PBXProject;
			attributes = {
				LastSwiftUpdateCheck = 1130;
				LastUpgradeCheck = 1130;
				ORGANIZATIONNAME = "POLINA FILACEVA";
				TargetAttributes = {
					98716CA1241A210800AB41BB = {
						CreatedOnToolsVersion = 11.3.1;
					};
				};
			};
			buildConfigurationList = 98716C9D241A210800AB41BB /* Build configuration list for PBXProject "Jay" */;
			compatibilityVersion = "Xcode 9.3";
			developmentRegion = en;
			hasScannedForEncodings = 0;
			knownRegions = (
				en,
				Base,
			);
			mainGroup = 98716C99241A210800AB41BB;
			productRefGroup = 98716CA3241A210800AB41BB /* Products */;
			projectDirPath = "";
			projectRoot = "";
			targets = (
				98716CA1241A210800AB41BB /* Jay */,
			);
		};
/* End PBXProject section */

/* Begin PBXResourcesBuildPhase section */
		98716CA0241A210800AB41BB /* Resources */ = {
			isa = PBXResourcesBuildPhase;
			buildActionMask = 2147483647;
			files = (
				9820388C242A54A00056519C /* profile.png in Resources */,
				98716CCC241A539F00AB41BB /* 7-2 6.png in Resources */,
				98716CB2241A210A00AB41BB /* LaunchScreen.storyboard in Resources */,
				9820388A242A54960056519C /* walk.png in Resources */,
				98716CAF241A210A00AB41BB /* Assets.xcassets in Resources */,
				984895A72429169A00B69378 /* 7-2 9.png in Resources */,
				98716CC2241A308000AB41BB /* 7-2 5.png in Resources */,
				984D17A624292F0D005CE011 /* img.png in Resources */,
				98716CCA241A539900AB41BB /* 7-2 8.png in Resources */,
				98716CC8241A539400AB41BB /* 7-2 7.png in Resources */,
				98203888242A522D0056519C /* 7-2 10.png in Resources */,
				98716CAD241A210800AB41BB /* Main.storyboard in Resources */,
				98716CC0241A307A00AB41BB /* Q_MainPhotoCard.png in Resources */,
			);
			runOnlyForDeploymentPostprocessing = 0;
		};
/* End PBXResourcesBuildPhase section */

/* Begin PBXSourcesBuildPhase section */
		98716C9E241A210800AB41BB /* Sources */ = {
			isa = PBXSourcesBuildPhase;
			buildActionMask = 2147483647;
			files = (
				98716CAA241A210800AB41BB /* ViewController.swift in Sources */,
				98716CC6241A3F2600AB41BB /* data.swift in Sources */,
				984D17AE242935AB005CE011 /* ViewController2.swift in Sources */,
				98716CCE241A723700AB41BB /* CollectionViewCell-thre.swift in Sources */,
				984D17B0242937DD005CE011 /* CollectionViewCell2-one.swift in Sources */,
				984D17A4242928B0005CE011 /* cell-four.swift in Sources */,
				98716CBA241A21D100AB41BB /* CollectionViewCell-one.swift in Sources */,
				98716CC4241A36F000AB41BB /* CollectionViewCell-two.swift in Sources */,
				9892A7DC243E202400015C93 /* LoginView.swift in Sources */,
				98716CA6241A210800AB41BB /* AppDelegate.swift in Sources */,
				98716CA8241A210800AB41BB /* SceneDelegate.swift in Sources */,
			);
			runOnlyForDeploymentPostprocessing = 0;
		};
/* End PBXSourcesBuildPhase section */

/* Begin PBXVariantGroup section */
		98716CAB241A210800AB41BB /* Main.storyboard */ = {
			isa = PBXVariantGroup;
			children = (
				98716CAC241A210800AB41BB /* Base */,
			);
			name = Main.storyboard;
			sourceTree = "<group>";
		};
		98716CB0241A210A00AB41BB /* LaunchScreen.storyboard */ = {
			isa = PBXVariantGroup;
			children = (
				98716CB1241A210A00AB41BB /* Base */,
			);
			name = LaunchScreen.storyboard;
			sourceTree = "<group>";
		};
/* End PBXVariantGroup section */

/* Begin XCBuildConfiguration section */
		98716CB4241A210A00AB41BB /* Debug */ = {
			isa = XCBuildConfiguration;
			buildSettings = {
				ALWAYS_SEARCH_USER_PATHS = NO;
				CLANG_ANALYZER_NONNULL = YES;
				CLANG_ANALYZER_NUMBER_OBJECT_CONVERSION = YES_AGGRESSIVE;
				CLANG_CXX_LANGUAGE_STANDARD = "gnu++14";
				CLANG_CXX_LIBRARY = "libc++";
				CLANG_ENABLE_MODULES = YES;
				CLANG_ENABLE_OBJC_ARC = YES;
				CLANG_ENABLE_OBJC_WEAK = YES;
				CLANG_WARN_BLOCK_CAPTURE_AUTORELEASING = YES;
				CLANG_WARN_BOOL_CONVERSION = YES;
				CLANG_WARN_COMMA = YES;
				CLANG_WARN_CONSTANT_CONVERSION = YES;
				CLANG_WARN_DEPRECATED_OBJC_IMPLEMENTATIONS = YES;
				CLANG_WARN_DIRECT_OBJC_ISA_USAGE = YES_ERROR;
				CLANG_WARN_DOCUMENTATION_COMMENTS = YES;
				CLANG_WARN_EMPTY_BODY = YES;
				CLANG_WARN_ENUM_CONVERSION = YES;
				CLANG_WARN_INFINITE_RECURSION = YES;
				CLANG_WARN_INT_CONVERSION = YES;
				CLANG_WARN_NON_LITERAL_NULL_CONVERSION = YES;
				CLANG_WARN_OBJC_IMPLICIT_RETAIN_SELF = YES;
				CLANG_WARN_OBJC_LITERAL_CONVERSION = YES;
				CLANG_WARN_OBJC_ROOT_CLASS = YES_ERROR;
				CLANG_WARN_RANGE_LOOP_ANALYSIS = YES;
				CLANG_WARN_STRICT_PROTOTYPES = YES;
				CLANG_WARN_SUSPICIOUS_MOVE = YES;
				CLANG_WARN_UNGUARDED_AVAILABILITY = YES_AGGRESSIVE;
				CLANG_WARN_UNREACHABLE_CODE = YES;
				CLANG_WARN__DUPLICATE_METHOD_MATCH = YES;
				COPY_PHASE_STRIP = NO;
				DEBUG_INFORMATION_FORMAT = dwarf;
				ENABLE_STRICT_OBJC_MSGSEND = YES;
				ENABLE_TESTABILITY = YES;
				GCC_C_LANGUAGE_STANDARD = gnu11;
				GCC_DYNAMIC_NO_PIC = NO;
				GCC_NO_COMMON_BLOCKS = YES;
				GCC_OPTIMIZATION_LEVEL = 0;
				GCC_PREPROCESSOR_DEFINITIONS = (
					"DEBUG=1",
					"$(inherited)",
				);
				GCC_WARN_64_TO_32_BIT_CONVERSION = YES;
				GCC_WARN_ABOUT_RETURN_TYPE = YES_ERROR;
				GCC_WARN_UNDECLARED_SELECTOR = YES;
				GCC_WARN_UNINITIALIZED_AUTOS = YES_AGGRESSIVE;
				GCC_WARN_UNUSED_FUNCTION = YES;
				GCC_WARN_UNUSED_VARIABLE = YES;
				IPHONEOS_DEPLOYMENT_TARGET = 13.2;
				MTL_ENABLE_DEBUG_INFO = INCLUDE_SOURCE;
				MTL_FAST_MATH = YES;
				ONLY_ACTIVE_ARCH = YES;
				SDKROOT = iphoneos;
				SWIFT_ACTIVE_COMPILATION_CONDITIONS = DEBUG;
				SWIFT_OPTIMIZATION_LEVEL = "-Onone";
			};
			name = Debug;
		};
		98716CB5241A210A00AB41BB /* Release */ = {
			isa = XCBuildConfiguration;
			buildSettings = {
				ALWAYS_SEARCH_USER_PATHS = NO;
				CLANG_ANALYZER_NONNULL = YES;
				CLANG_ANALYZER_NUMBER_OBJECT_CONVERSION = YES_AGGRESSIVE;
				CLANG_CXX_LANGUAGE_STANDARD = "gnu++14";
				CLANG_CXX_LIBRARY = "libc++";
				CLANG_ENABLE_MODULES = YES;
				CLANG_ENABLE_OBJC_ARC = YES;
				CLANG_ENABLE_OBJC_WEAK = YES;
				CLANG_WARN_BLOCK_CAPTURE_AUTORELEASING = YES;
				CLANG_WARN_BOOL_CONVERSION = YES;
				CLANG_WARN_COMMA = YES;
				CLANG_WARN_CONSTANT_CONVERSION = YES;
				CLANG_WARN_DEPRECATED_OBJC_IMPLEMENTATIONS = YES;
				CLANG_WARN_DIRECT_OBJC_ISA_USAGE = YES_ERROR;
				CLANG_WARN_DOCUMENTATION_COMMENTS = YES;
				CLANG_WARN_EMPTY_BODY = YES;
				CLANG_WARN_ENUM_CONVERSION = YES;
				CLANG_WARN_INFINITE_RECURSION = YES;
				CLANG_WARN_INT_CONVERSION = YES;
				CLANG_WARN_NON_LITERAL_NULL_CONVERSION = YES;
				CLANG_WARN_OBJC_IMPLICIT_RETAIN_SELF = YES;
				CLANG_WARN_OBJC_LITERAL_CONVERSION = YES;
				CLANG_WARN_OBJC_ROOT_CLASS = YES_ERROR;
				CLANG_WARN_RANGE_LOOP_ANALYSIS = YES;
				CLANG_WARN_STRICT_PROTOTYPES = YES;
				CLANG_WARN_SUSPICIOUS_MOVE = YES;
				CLANG_WARN_UNGUARDED_AVAILABILITY = YES_AGGRESSIVE;
				CLANG_WARN_UNREACHABLE_CODE = YES;
				CLANG_WARN__DUPLICATE_METHOD_MATCH = YES;
				COPY_PHASE_STRIP = NO;
				DEBUG_INFORMATION_FORMAT = "dwarf-with-dsym";
				ENABLE_NS_ASSERTIONS = NO;
				ENABLE_STRICT_OBJC_MSGSEND = YES;
				GCC_C_LANGUAGE_STANDARD = gnu11;
				GCC_NO_COMMON_BLOCKS = YES;
				GCC_WARN_64_TO_32_BIT_CONVERSION = YES;
				GCC_WARN_ABOUT_RETURN_TYPE = YES_ERROR;
				GCC_WARN_UNDECLARED_SELECTOR = YES;
				GCC_WARN_UNINITIALIZED_AUTOS = YES_AGGRESSIVE;
				GCC_WARN_UNUSED_FUNCTION = YES;
				GCC_WARN_UNUSED_VARIABLE = YES;
				IPHONEOS_DEPLOYMENT_TARGET = 13.2;
				MTL_ENABLE_DEBUG_INFO = NO;
				MTL_FAST_MATH = YES;
				SDKROOT = iphoneos;
				SWIFT_COMPILATION_MODE = wholemodule;
				SWIFT_OPTIMIZATION_LEVEL = "-O";
				VALIDATE_PRODUCT = YES;
			};
			name = Release;
		};
		98716CB7241A210A00AB41BB /* Debug */ = {
			isa = XCBuildConfiguration;
			buildSettings = {
				ASSETCATALOG_COMPILER_APPICON_NAME = AppIcon;
				CODE_SIGN_STYLE = Automatic;
				INFOPLIST_FILE = Jay/Info.plist;
				LD_RUNPATH_SEARCH_PATHS = (
					"$(inherited)",
					"@executable_path/Frameworks",
				);
				PRODUCT_BUNDLE_IDENTIFIER = HSEADC2018.Jay;
				PRODUCT_NAME = "$(TARGET_NAME)";
				SWIFT_VERSION = 5.0;
				TARGETED_DEVICE_FAMILY = "1,2";
			};
			name = Debug;
		};
		98716CB8241A210A00AB41BB /* Release */ = {
			isa = XCBuildConfiguration;
			buildSettings = {
				ASSETCATALOG_COMPILER_APPICON_NAME = AppIcon;
				CODE_SIGN_STYLE = Automatic;
				INFOPLIST_FILE = Jay/Info.plist;
				LD_RUNPATH_SEARCH_PATHS = (
					"$(inherited)",
					"@executable_path/Frameworks",
				);
				PRODUCT_BUNDLE_IDENTIFIER = HSEADC2018.Jay;
				PRODUCT_NAME = "$(TARGET_NAME)";
				SWIFT_VERSION = 5.0;
				TARGETED_DEVICE_FAMILY = "1,2";
			};
			name = Release;
		};
/* End XCBuildConfiguration section */

/* Begin XCConfigurationList section */
		98716C9D241A210800AB41BB /* Build configuration list for PBXProject "Jay" */ = {
			isa = XCConfigurationList;
			buildConfigurations = (
				98716CB4241A210A00AB41BB /* Debug */,
				98716CB5241A210A00AB41BB /* Release */,
			);
			defaultConfigurationIsVisible = 0;
			defaultConfigurationName = Release;
		};
		98716CB6241A210A00AB41BB /* Build configuration list for PBXNativeTarget "Jay" */ = {
			isa = XCConfigurationList;
			buildConfigurations = (
				98716CB7241A210A00AB41BB /* Debug */,
				98716CB8241A210A00AB41BB /* Release */,
			);
			defaultConfigurationIsVisible = 0;
			defaultConfigurationName = Release;
		};
/* End XCConfigurationList section */
	};
	rootObject = 98716C9A241A210800AB41BB /* Project object */;
}
